
Microsoft Visual Studio Solution File, Format Version 12.00
# Visual Studio Version 17
VisualStudioVersion = 17.12.35514.174 d17.12
MinimumVisualStudioVersion = 10.0.40219.1
Project("{FAE04EC0-301F-11D3-BF4B-00C04F79EFBC}") = "MvcCv", "MvcCv\MvcCv.csproj", "{C686B23C-753E-4620-8C6A-ABA905620AE9}"
EndProject
Global
	GlobalSection(SolutionConfigurationPlatforms) = preSolution
		Debug|Any CPU = Debug|Any CPU
		Release|Any CPU = Release|Any CPU
	EndGlobalSection
	GlobalSection(ProjectConfigurationPlatforms) = postSolution
		{C686B23C-753E-4620-8C6A-ABA905620AE9}.Debug|Any CPU.ActiveCfg = Debug|Any CPU
		{C686B23C-753E-4620-8C6A-ABA905620AE9}.Debug|Any CPU.Build.0 = Debug|Any CPU
		{C686B23C-753E-4620-8C6A-ABA905620AE9}.Release|Any CPU.ActiveCfg = Release|Any CPU
		{C686B23C-753E-4620-8C6A-ABA905620AE9}.Release|Any CPU.Build.0 = Release|Any CPU
	EndGlobalSection
	GlobalSection(SolutionProperties) = preSolution
		HideSolutionNode = FALSE
	EndGlobalSection
EndGlobal
